
Microsoft Visual Studio Solution File, Format Version 12.00
Project("{FAE04EC0-301F-11D3-BF4B-00C04F79EFBC}") = "CQuery", "CQuery\CQuery.csproj", "{94EEBD78-9FF2-4A6F-868A-264D8CEFC506}"
EndProject
Project("{FAE04EC0-301F-11D3-BF4B-00C04F79EFBC}") = "CQuery.Test", "CQuery.Test\CQuery.Test.csproj", "{1A7E47A1-1367-46AD-9130-963141762D79}"
EndProject
Global
	GlobalSection(SolutionConfigurationPlatforms) = preSolution
		Debug|Any CPU = Debug|Any CPU
		Release|Any CPU = Release|Any CPU
	EndGlobalSection
	GlobalSection(ProjectConfigurationPlatforms) = postSolution
		{94EEBD78-9FF2-4A6F-868A-264D8CEFC506}.Debug|Any CPU.ActiveCfg = Debug|Any CPU
		{94EEBD78-9FF2-4A6F-868A-264D8CEFC506}.Debug|Any CPU.Build.0 = Debug|Any CPU
		{94EEBD78-9FF2-4A6F-868A-264D8CEFC506}.Release|Any CPU.ActiveCfg = Release|Any CPU
		{94EEBD78-9FF2-4A6F-868A-264D8CEFC506}.Release|Any CPU.Build.0 = Release|Any CPU
		{1A7E47A1-1367-46AD-9130-963141762D79}.Debug|Any CPU.ActiveCfg = Debug|Any CPU
		{1A7E47A1-1367-46AD-9130-963141762D79}.Debug|Any CPU.Build.0 = Debug|Any CPU
		{1A7E47A1-1367-46AD-9130-963141762D79}.Release|Any CPU.ActiveCfg = Release|Any CPU
		{1A7E47A1-1367-46AD-9130-963141762D79}.Release|Any CPU.Build.0 = Release|Any CPU
	EndGlobalSection
EndGlobal
